
Microsoft Visual Studio Solution File, Format Version 12.00
# Visual Studio Version 17
VisualStudioVersion = 17.11.35222.181
MinimumVisualStudioVersion = 10.0.40219.1
Project("{FAE04EC0-301F-11D3-BF4B-00C04F79EFBC}") = "mintazhtry1", "mintazhtry1\mintazhtry1.csproj", "{F785D17E-21D4-48A6-86B9-0AAA9060D01B}"
EndProject
Global
	GlobalSection(SolutionConfigurationPlatforms) = preSolution
		Debug|Any CPU = Debug|Any CPU
		Release|Any CPU = Release|Any CPU
	EndGlobalSection
	GlobalSection(ProjectConfigurationPlatforms) = postSolution
		{F785D17E-21D4-48A6-86B9-0AAA9060D01B}.Debug|Any CPU.ActiveCfg = Debug|Any CPU
		{F785D17E-21D4-48A6-86B9-0AAA9060D01B}.Debug|Any CPU.Build.0 = Debug|Any CPU
		{F785D17E-21D4-48A6-86B9-0AAA9060D01B}.Release|Any CPU.ActiveCfg = Release|Any CPU
		{F785D17E-21D4-48A6-86B9-0AAA9060D01B}.Release|Any CPU.Build.0 = Release|Any CPU
	EndGlobalSection
	GlobalSection(SolutionProperties) = preSolution
		HideSolutionNode = FALSE
	EndGlobalSection
	GlobalSection(ExtensibilityGlobals) = postSolution
		SolutionGuid = {645BF6EB-DFBE-4A0B-9ADC-25C319FE83EE}
	EndGlobalSection
EndGlobal
